
Microsoft Visual Studio Solution File, Format Version 12.00
# Visual Studio 15
VisualStudioVersion = 15.0.27428.1
MinimumVisualStudioVersion = 10.0.40219.1
Project("{FAE04EC0-301F-11D3-BF4B-00C04F79EFBC}") = "WindowsFormsApp1", "WindowsFormsApp1\WindowsFormsApp1.csproj", "{B35EAEA3-23A4-4932-AD07-1F9863295148}"
EndProject
Global
	GlobalSection(SolutionConfigurationPlatforms) = preSolution
		Debug|Any CPU = Debug|Any CPU
		Release|Any CPU = Release|Any CPU
	EndGlobalSection
	GlobalSection(ProjectConfigurationPlatforms) = postSolution
		{B35EAEA3-23A4-4932-AD07-1F9863295148}.Debug|Any CPU.ActiveCfg = Debug|Any CPU
		{B35EAEA3-23A4-4932-AD07-1F9863295148}.Debug|Any CPU.Build.0 = Debug|Any CPU
		{B35EAEA3-23A4-4932-AD07-1F9863295148}.Release|Any CPU.ActiveCfg = Release|Any CPU
		{B35EAEA3-23A4-4932-AD07-1F9863295148}.Release|Any CPU.Build.0 = Release|Any CPU
	EndGlobalSection
	GlobalSection(SolutionProperties) = preSolution
		HideSolutionNode = FALSE
	EndGlobalSection
	GlobalSection(ExtensibilityGlobals) = postSolution
		SolutionGuid = {AB14689B-21D7-4000-9379-F91B5F654695}
	EndGlobalSection
EndGlobal
